{
  "name": "angular-resize-event",
  "version": "2.0.0",
  "lockfileVersion": 1,
  "requires": true,
  "dependencies": {
    "css-element-queries": {
      "version": "1.2.3",
      "resolved": "https://registry.npmjs.org/css-element-queries/-/css-element-queries-1.2.3.tgz",
      "integrity": "sha512-QK9uovYmKTsV2GXWQiMOByVNrLn2qz6m3P7vWpOR4IdD6I3iXoDw5qtgJEN3Xq7gIbdHVKvzHjdAtcl+4Arc4Q=="
    },
    "tslib": {
      "version": "2.0.1",
      "resolved": "https://registry.npmjs.org/tslib/-/tslib-2.0.1.tgz",
      "integrity": "sha512-SgIkNheinmEBgx1IUNirK0TUD4X9yjjBRTqqjggWCU3pUEqIk3/Uwl3yRixYKT6WjQuGiwDv4NomL3wqRCj+CQ=="
    }
  }
}
